// !$*UTF8*$!
{
	archiveVersion = 1;
	classes = {
	};
	objectVersion = 50;
	objects = {

/* Begin PBXBuildFile section */
		F0549E5E257612DA00244E99 /* AppDelegate.m in Sources */ = {isa = PBXBuildFile; fileRef = F0549E5D257612DA00244E99 /* AppDelegate.m */; };
		F0549E61257612DA00244E99 /* SceneDelegate.m in Sources */ = {isa = PBXBuildFile; fileRef = F0549E60257612DA00244E99 /* SceneDelegate.m */; };
		F0549E64257612DA00244E99 /* ViewController.m in Sources */ = {isa = PBXBuildFile; fileRef = F0549E63257612DA00244E99 /* ViewController.m */; };
		F0549E69257612DC00244E99 /* Assets.xcassets in Resources */ = {isa = PBXBuildFile; fileRef = F0549E68257612DC00244E99 /* Assets.xcassets */; };
		F0549E6C257612DC00244E99 /* LaunchScreen.storyboard in Resources */ = {isa = PBXBuildFile; fileRef = F0549E6A257612DC00244E99 /* LaunchScreen.storyboard */; };
		F0549E6F257612DC00244E99 /* main.m in Sources */ = {isa = PBXBuildFile; fileRef = F0549E6E257612DC00244E99 /* main.m */; };
		F0549E7E257616E000244E99 /* XZQCameraView.m in Sources */ = {isa = PBXBuildFile; fileRef = F0549E7D257616E000244E99 /* XZQCameraView.m */; };
		F0549E83257616F900244E99 /* XZQPreviewView.m in Sources */ = {isa = PBXBuildFile; fileRef = F0549E82257616F900244E99 /* XZQPreviewView.m */; };
		F0549E872576170B00244E99 /* XZQOverlayView.m in Sources */ = {isa = PBXBuildFile; fileRef = F0549E862576170B00244E99 /* XZQOverlayView.m */; };
		F0549E8D25761C5100244E99 /* XZQCameraControl.m in Sources */ = {isa = PBXBuildFile; fileRef = F0549E8C25761C5100244E99 /* XZQCameraControl.m */; };
		F078767825773C3E0077291D /* XZQCameraModeView.m in Sources */ = {isa = PBXBuildFile; fileRef = F078767725773C3E0077291D /* XZQCameraModeView.m */; };
		F078767C257764200077291D /* XZQCaptureButton.m in Sources */ = {isa = PBXBuildFile; fileRef = F078767B257764200077291D /* XZQCaptureButton.m */; };
		F0787681257784E50077291D /* UIView+XZQAdditions.m in Sources */ = {isa = PBXBuildFile; fileRef = F0787680257784E50077291D /* UIView+XZQAdditions.m */; };
		F078768625778F1D0077291D /* XZQFlashControlView.m in Sources */ = {isa = PBXBuildFile; fileRef = F078768525778F1D0077291D /* XZQFlashControlView.m */; };
		F078768D2577984A0077291D /* XZQStatusView.m in Sources */ = {isa = PBXBuildFile; fileRef = F078768C2577984A0077291D /* XZQStatusView.m */; };
/* End PBXBuildFile section */

/* Begin PBXFileReference section */
		F0549E59257612DA00244E99 /* XZQCamera1.app */ = {isa = PBXFileReference; explicitFileType = wrapper.application; includeInIndex = 0; path = XZQCamera1.app; sourceTree = BUILT_PRODUCTS_DIR; };
		F0549E5C257612DA00244E99 /* AppDelegate.h */ = {isa = PBXFileReference; lastKnownFileType = sourcecode.c.h; path = AppDelegate.h; sourceTree = "<group>"; };
		F0549E5D257612DA00244E99 /* AppDelegate.m */ = {isa = PBXFileReference; lastKnownFileType = sourcecode.c.objc; path = AppDelegate.m; sourceTree = "<group>"; };
		F0549E5F257612DA00244E99 /* SceneDelegate.h */ = {isa = PBXFileReference; lastKnownFileType = sourcecode.c.h; path = SceneDelegate.h; sourceTree = "<group>"; };
		F0549E60257612DA00244E99 /* SceneDelegate.m */ = {isa = PBXFileReference; lastKnownFileType = sourcecode.c.objc; path = SceneDelegate.m; sourceTree = "<group>"; };
		F0549E62257612DA00244E99 /* ViewController.h */ = {isa = PBXFileReference; lastKnownFileType = sourcecode.c.h; path = ViewController.h; sourceTree = "<group>"; };
		F0549E63257612DA00244E99 /* ViewController.m */ = {isa = PBXFileReference; lastKnownFileType = sourcecode.c.objc; path = ViewController.m; sourceTree = "<group>"; };
		F0549E68257612DC00244E99 /* Assets.xcassets */ = {isa = PBXFileReference; lastKnownFileType = folder.assetcatalog; path = Assets.xcassets; sourceTree = "<group>"; };
		F0549E6B257612DC00244E99 /* Base */ = {isa = PBXFileReference; lastKnownFileType = file.storyboard; name = Base; path = Base.lproj/LaunchScreen.storyboard; sourceTree = "<group>"; };
		F0549E6D257612DC00244E99 /* Info.plist */ = {isa = PBXFileReference; lastKnownFileType = text.plist.xml; path = Info.plist; sourceTree = "<group>"; };
		F0549E6E257612DC00244E99 /* main.m */ = {isa = PBXFileReference; lastKnownFileType = sourcecode.c.objc; path = main.m; sourceTree = "<group>"; };
		F0549E7C257616E000244E99 /* XZQCameraView.h */ = {isa = PBXFileReference; lastKnownFileType = sourcecode.c.h; path = XZQCameraView.h; sourceTree = "<group>"; };
		F0549E7D257616E000244E99 /* XZQCameraView.m */ = {isa = PBXFileReference; lastKnownFileType = sourcecode.c.objc; path = XZQCameraView.m; sourceTree = "<group>"; };
		F0549E81257616F900244E99 /* XZQPreviewView.h */ = {isa = PBXFileReference; lastKnownFileType = sourcecode.c.h; path = XZQPreviewView.h; sourceTree = "<group>"; };
		F0549E82257616F900244E99 /* XZQPreviewView.m */ = {isa = PBXFileReference; lastKnownFileType = sourcecode.c.objc; path = XZQPreviewView.m; sourceTree = "<group>"; };
		F0549E852576170B00244E99 /* XZQOverlayView.h */ = {isa = PBXFileReference; lastKnownFileType = sourcecode.c.h; path = XZQOverlayView.h; sourceTree = "<group>"; };
		F0549E862576170B00244E99 /* XZQOverlayView.m */ = {isa = PBXFileReference; lastKnownFileType = sourcecode.c.objc; path = XZQOverlayView.m; sourceTree = "<group>"; };
		F0549E8B25761C5100244E99 /* XZQCameraControl.h */ = {isa = PBXFileReference; lastKnownFileType = sourcecode.c.h; path = XZQCameraControl.h; sourceTree = "<group>"; };
		F0549E8C25761C5100244E99 /* XZQCameraControl.m */ = {isa = PBXFileReference; lastKnownFileType = sourcecode.c.objc; path = XZQCameraControl.m; sourceTree = "<group>"; };
		F078767625773C3E0077291D /* XZQCameraModeView.h */ = {isa = PBXFileReference; lastKnownFileType = sourcecode.c.h; path = XZQCameraModeView.h; sourceTree = "<group>"; };
		F078767725773C3E0077291D /* XZQCameraModeView.m */ = {isa = PBXFileReference; lastKnownFileType = sourcecode.c.objc; path = XZQCameraModeView.m; sourceTree = "<group>"; };
		F078767A257764200077291D /* XZQCaptureButton.h */ = {isa = PBXFileReference; lastKnownFileType = sourcecode.c.h; path = XZQCaptureButton.h; sourceTree = "<group>"; };
		F078767B257764200077291D /* XZQCaptureButton.m */ = {isa = PBXFileReference; lastKnownFileType = sourcecode.c.objc; path = XZQCaptureButton.m; sourceTree = "<group>"; };
		F078767F257784E50077291D /* UIView+XZQAdditions.h */ = {isa = PBXFileReference; lastKnownFileType = sourcecode.c.h; path = "UIView+XZQAdditions.h"; sourceTree = "<group>"; };
		F0787680257784E50077291D /* UIView+XZQAdditions.m */ = {isa = PBXFileReference; lastKnownFileType = sourcecode.c.objc; path = "UIView+XZQAdditions.m"; sourceTree = "<group>"; };
		F078768425778F1D0077291D /* XZQFlashControlView.h */ = {isa = PBXFileReference; lastKnownFileType = sourcecode.c.h; path = XZQFlashControlView.h; sourceTree = "<group>"; };
		F078768525778F1D0077291D /* XZQFlashControlView.m */ = {isa = PBXFileReference; lastKnownFileType = sourcecode.c.objc; path = XZQFlashControlView.m; sourceTree = "<group>"; };
		F078768B2577984A0077291D /* XZQStatusView.h */ = {isa = PBXFileReference; lastKnownFileType = sourcecode.c.h; path = XZQStatusView.h; sourceTree = "<group>"; };
		F078768C2577984A0077291D /* XZQStatusView.m */ = {isa = PBXFileReference; lastKnownFileType = sourcecode.c.objc; path = XZQStatusView.m; sourceTree = "<group>"; };
/* End PBXFileReference section */

/* Begin PBXFrameworksBuildPhase section */
		F0549E56257612DA00244E99 /* Frameworks */ = {
			isa = PBXFrameworksBuildPhase;
			buildActionMask = 2147483647;
			files = (
			);
			runOnlyForDeploymentPostprocessing = 0;
		};
/* End PBXFrameworksBuildPhase section */

/* Begin PBXGroup section */
		F0549E50257612DA00244E99 = {
			isa = PBXGroup;
			children = (
				F0549E5B257612DA00244E99 /* XZQCamera */,
				F0549E5A257612DA00244E99 /* Products */,
			);
			sourceTree = "<group>";
		};
		F0549E5A257612DA00244E99 /* Products */ = {
			isa = PBXGroup;
			children = (
				F0549E59257612DA00244E99 /* XZQCamera1.app */,
			);
			name = Products;
			sourceTree = "<group>";
		};
		F0549E5B257612DA00244E99 /* XZQCamera */ = {
			isa = PBXGroup;
			children = (
				F078767E257784C90077291D /* Category */,
				F0549E8A25761C1700244E99 /* Model */,
				F0549E7B257616CB00244E99 /* View */,
				F0549E5C257612DA00244E99 /* AppDelegate.h */,
				F0549E5D257612DA00244E99 /* AppDelegate.m */,
				F0549E5F257612DA00244E99 /* SceneDelegate.h */,
				F0549E60257612DA00244E99 /* SceneDelegate.m */,
				F0549E62257612DA00244E99 /* ViewController.h */,
				F0549E63257612DA00244E99 /* ViewController.m */,
				F0549E68257612DC00244E99 /* Assets.xcassets */,
				F0549E6A257612DC00244E99 /* LaunchScreen.storyboard */,
				F0549E6D257612DC00244E99 /* Info.plist */,
				F0549E6E257612DC00244E99 /* main.m */,
			);
			path = XZQCamera;
			sourceTree = "<group>";
		};
		F0549E7B257616CB00244E99 /* View */ = {
			isa = PBXGroup;
			children = (
				F0549E7C257616E000244E99 /* XZQCameraView.h */,
				F0549E7D257616E000244E99 /* XZQCameraView.m */,
				F0549E81257616F900244E99 /* XZQPreviewView.h */,
				F0549E82257616F900244E99 /* XZQPreviewView.m */,
				F0549E852576170B00244E99 /* XZQOverlayView.h */,
				F0549E862576170B00244E99 /* XZQOverlayView.m */,
				F078767625773C3E0077291D /* XZQCameraModeView.h */,
				F078767725773C3E0077291D /* XZQCameraModeView.m */,
				F078767A257764200077291D /* XZQCaptureButton.h */,
				F078767B257764200077291D /* XZQCaptureButton.m */,
				F078768425778F1D0077291D /* XZQFlashControlView.h */,
				F078768525778F1D0077291D /* XZQFlashControlView.m */,
				F078768B2577984A0077291D /* XZQStatusView.h */,
				F078768C2577984A0077291D /* XZQStatusView.m */,
			);
			path = View;
			sourceTree = "<group>";
		};
		F0549E8A25761C1700244E99 /* Model */ = {
			isa = PBXGroup;
			children = (
				F0549E8B25761C5100244E99 /* XZQCameraControl.h */,
				F0549E8C25761C5100244E99 /* XZQCameraControl.m */,
			);
			path = Model;
			sourceTree = "<group>";
		};
		F078767E257784C90077291D /* Category */ = {
			isa = PBXGroup;
			children = (
				F078767F257784E50077291D /* UIView+XZQAdditions.h */,
				F0787680257784E50077291D /* UIView+XZQAdditions.m */,
			);
			path = Category;
			sourceTree = "<group>";
		};
/* End PBXGroup section */

/* Begin PBXNativeTarget section */
		F0549E58257612DA00244E99 /* XZQCamera1 */ = {
			isa = PBXNativeTarget;
			buildConfigurationList = F0549E72257612DC00244E99 /* Build configuration list for PBXNativeTarget "XZQCamera1" */;
			buildPhases = (
				F0549E55257612DA00244E99 /* Sources */,
				F0549E56257612DA00244E99 /* Frameworks */,
				F0549E57257612DA00244E99 /* Resources */,
			);
			buildRules = (
			);
			dependencies = (
			);
			name = XZQCamera1;
			productName = XZQCamera1;
			productReference = F0549E59257612DA00244E99 /* XZQCamera1.app */;
			productType = "com.apple.product-type.application";
		};
/* End PBXNativeTarget section */

/* Begin PBXProject section */
		F0549E51257612DA00244E99 /* Project object */ = {
			isa = PBXProject;
			attributes = {
				LastUpgradeCheck = 1200;
				TargetAttributes = {
					F0549E58257612DA00244E99 = {
						CreatedOnToolsVersion = 12.0;
					};
				};
			};
			buildConfigurationList = F0549E54257612DA00244E99 /* Build configuration list for PBXProject "XZQCamera" */;
			compatibilityVersion = "Xcode 9.3";
			developmentRegion = en;
			hasScannedForEncodings = 0;
			knownRegions = (
				en,
				Base,
			);
			mainGroup = F0549E50257612DA00244E99;
			productRefGroup = F0549E5A257612DA00244E99 /* Products */;
			projectDirPath = "";
			projectRoot = "";
			targets = (
				F0549E58257612DA00244E99 /* XZQCamera1 */,
			);
		};
/* End PBXProject section */

/* Begin PBXResourcesBuildPhase section */
		F0549E57257612DA00244E99 /* Resources */ = {
			isa = PBXResourcesBuildPhase;
			buildActionMask = 2147483647;
			files = (
				F0549E6C257612DC00244E99 /* LaunchScreen.storyboard in Resources */,
				F0549E69257612DC00244E99 /* Assets.xcassets in Resources */,
			);
			runOnlyForDeploymentPostprocessing = 0;
		};
/* End PBXResourcesBuildPhase section */

/* Begin PBXSourcesBuildPhase section */
		F0549E55257612DA00244E99 /* Sources */ = {
			isa = PBXSourcesBuildPhase;
			buildActionMask = 2147483647;
			files = (
				F078767825773C3E0077291D /* XZQCameraModeView.m in Sources */,
				F078768D2577984A0077291D /* XZQStatusView.m in Sources */,
				F078768625778F1D0077291D /* XZQFlashControlView.m in Sources */,
				F0549E64257612DA00244E99 /* ViewController.m in Sources */,
				F078767C257764200077291D /* XZQCaptureButton.m in Sources */,
				F0549E5E257612DA00244E99 /* AppDelegate.m in Sources */,
				F0787681257784E50077291D /* UIView+XZQAdditions.m in Sources */,
				F0549E8D25761C5100244E99 /* XZQCameraControl.m in Sources */,
				F0549E6F257612DC00244E99 /* main.m in Sources */,
				F0549E83257616F900244E99 /* XZQPreviewView.m in Sources */,
				F0549E61257612DA00244E99 /* SceneDelegate.m in Sources */,
				F0549E7E257616E000244E99 /* XZQCameraView.m in Sources */,
				F0549E872576170B00244E99 /* XZQOverlayView.m in Sources */,
			);
			runOnlyForDeploymentPostprocessing = 0;
		};
/* End PBXSourcesBuildPhase section */

/* Begin PBXVariantGroup section */
		F0549E6A257612DC00244E99 /* LaunchScreen.storyboard */ = {
			isa = PBXVariantGroup;
			children = (
				F0549E6B257612DC00244E99 /* Base */,
			);
			name = LaunchScreen.storyboard;
			sourceTree = "<group>";
		};
/* End PBXVariantGroup section */

/* Begin XCBuildConfiguration section */
		F0549E70257612DC00244E99 /* Debug */ = {
			isa = XCBuildConfiguration;
			buildSettings = {
				ALWAYS_SEARCH_USER_PATHS = NO;
				CLANG_ANALYZER_NONNULL = YES;
				CLANG_ANALYZER_NUMBER_OBJECT_CONVERSION = YES_AGGRESSIVE;
				CLANG_CXX_LANGUAGE_STANDARD = "gnu++14";
				CLANG_CXX_LIBRARY = "libc++";
				CLANG_ENABLE_MODULES = YES;
				CLANG_ENABLE_OBJC_ARC = YES;
				CLANG_ENABLE_OBJC_WEAK = YES;
				CLANG_WARN_BLOCK_CAPTURE_AUTORELEASING = YES;
				CLANG_WARN_BOOL_CONVERSION = YES;
				CLANG_WARN_COMMA = YES;
				CLANG_WARN_CONSTANT_CONVERSION = YES;
				CLANG_WARN_DEPRECATED_OBJC_IMPLEMENTATIONS = YES;
				CLANG_WARN_DIRECT_OBJC_ISA_USAGE = YES_ERROR;
				CLANG_WARN_DOCUMENTATION_COMMENTS = YES;
				CLANG_WARN_EMPTY_BODY = YES;
				CLANG_WARN_ENUM_CONVERSION = YES;
				CLANG_WARN_INFINITE_RECURSION = YES;
				CLANG_WARN_INT_CONVERSION = YES;
				CLANG_WARN_NON_LITERAL_NULL_CONVERSION = YES;
				CLANG_WARN_OBJC_IMPLICIT_RETAIN_SELF = YES;
				CLANG_WARN_OBJC_LITERAL_CONVERSION = YES;
				CLANG_WARN_OBJC_ROOT_CLASS = YES_ERROR;
				CLANG_WARN_QUOTED_INCLUDE_IN_FRAMEWORK_HEADER = YES;
				CLANG_WARN_RANGE_LOOP_ANALYSIS = YES;
				CLANG_WARN_STRICT_PROTOTYPES = YES;
				CLANG_WARN_SUSPICIOUS_MOVE = YES;
				CLANG_WARN_UNGUARDED_AVAILABILITY = YES_AGGRESSIVE;
				CLANG_WARN_UNREACHABLE_CODE = YES;
				CLANG_WARN__DUPLICATE_METHOD_MATCH = YES;
				COPY_PHASE_STRIP = NO;
				DEBUG_INFORMATION_FORMAT = dwarf;
				ENABLE_STRICT_OBJC_MSGSEND = YES;
				ENABLE_TESTABILITY = YES;
				GCC_C_LANGUAGE_STANDARD = gnu11;
				GCC_DYNAMIC_NO_PIC = NO;
				GCC_NO_COMMON_BLOCKS = YES;
				GCC_OPTIMIZATION_LEVEL = 0;
				GCC_PREPROCESSOR_DEFINITIONS = (
					"DEBUG=1",
					"$(inherited)",
				);
				GCC_WARN_64_TO_32_BIT_CONVERSION = YES;
				GCC_WARN_ABOUT_RETURN_TYPE = YES_ERROR;
				GCC_WARN_UNDECLARED_SELECTOR = YES;
				GCC_WARN_UNINITIALIZED_AUTOS = YES_AGGRESSIVE;
				GCC_WARN_UNUSED_FUNCTION = YES;
				GCC_WARN_UNUSED_VARIABLE = YES;
				IPHONEOS_DEPLOYMENT_TARGET = 14.0;
				MTL_ENABLE_DEBUG_INFO = INCLUDE_SOURCE;
				MTL_FAST_MATH = YES;
				ONLY_ACTIVE_ARCH = YES;
				SDKROOT = iphoneos;
			};
			name = Debug;
		};
		F0549E71257612DC00244E99 /* Release */ = {
			isa = XCBuildConfiguration;
			buildSettings = {
				ALWAYS_SEARCH_USER_PATHS = NO;
				CLANG_ANALYZER_NONNULL = YES;
				CLANG_ANALYZER_NUMBER_OBJECT_CONVERSION = YES_AGGRESSIVE;
				CLANG_CXX_LANGUAGE_STANDARD = "gnu++14";
				CLANG_CXX_LIBRARY = "libc++";
				CLANG_ENABLE_MODULES = YES;
				CLANG_ENABLE_OBJC_ARC = YES;
				CLANG_ENABLE_OBJC_WEAK = YES;
				CLANG_WARN_BLOCK_CAPTURE_AUTORELEASING = YES;
				CLANG_WARN_BOOL_CONVERSION = YES;
				CLANG_WARN_COMMA = YES;
				CLANG_WARN_CONSTANT_CONVERSION = YES;
				CLANG_WARN_DEPRECATED_OBJC_IMPLEMENTATIONS = YES;
				CLANG_WARN_DIRECT_OBJC_ISA_USAGE = YES_ERROR;
				CLANG_WARN_DOCUMENTATION_COMMENTS = YES;
				CLANG_WARN_EMPTY_BODY = YES;
				CLANG_WARN_ENUM_CONVERSION = YES;
				CLANG_WARN_INFINITE_RECURSION = YES;
				CLANG_WARN_INT_CONVERSION = YES;
				CLANG_WARN_NON_LITERAL_NULL_CONVERSION = YES;
				CLANG_WARN_OBJC_IMPLICIT_RETAIN_SELF = YES;
				CLANG_WARN_OBJC_LITERAL_CONVERSION = YES;
				CLANG_WARN_OBJC_ROOT_CLASS = YES_ERROR;
				CLANG_WARN_QUOTED_INCLUDE_IN_FRAMEWORK_HEADER = YES;
				CLANG_WARN_RANGE_LOOP_ANALYSIS = YES;
				CLANG_WARN_STRICT_PROTOTYPES = YES;
				CLANG_WARN_SUSPICIOUS_MOVE = YES;
				CLANG_WARN_UNGUARDED_AVAILABILITY = YES_AGGRESSIVE;
				CLANG_WARN_UNREACHABLE_CODE = YES;
				CLANG_WARN__DUPLICATE_METHOD_MATCH = YES;
				COPY_PHASE_STRIP = NO;
				DEBUG_INFORMATION_FORMAT = "dwarf-with-dsym";
				ENABLE_NS_ASSERTIONS = NO;
				ENABLE_STRICT_OBJC_MSGSEND = YES;
				GCC_C_LANGUAGE_STANDARD = gnu11;
				GCC_NO_COMMON_BLOCKS = YES;
				GCC_WARN_64_TO_32_BIT_CONVERSION = YES;
				GCC_WARN_ABOUT_RETURN_TYPE = YES_ERROR;
				GCC_WARN_UNDECLARED_SELECTOR = YES;
				GCC_WARN_UNINITIALIZED_AUTOS = YES_AGGRESSIVE;
				GCC_WARN_UNUSED_FUNCTION = YES;
				GCC_WARN_UNUSED_VARIABLE = YES;
				IPHONEOS_DEPLOYMENT_TARGET = 14.0;
				MTL_ENABLE_DEBUG_INFO = NO;
				MTL_FAST_MATH = YES;
				SDKROOT = iphoneos;
				VALIDATE_PRODUCT = YES;
			};
			name = Release;
		};
		F0549E73257612DC00244E99 /* Debug */ = {
			isa = XCBuildConfiguration;
			buildSettings = {
				ASSETCATALOG_COMPILER_APPICON_NAME = AppIcon;
				ASSETCATALOG_COMPILER_GLOBAL_ACCENT_COLOR_NAME = AccentColor;
				CODE_SIGN_STYLE = Automatic;
				DEVELOPMENT_TEAM = QX8283AUA8;
				INFOPLIST_FILE = "$(SRCROOT)/XZQCamera/Info.plist";
				IPHONEOS_DEPLOYMENT_TARGET = 10.0;
				LD_GENERATE_MAP_FILE = YES;
				LD_RUNPATH_SEARCH_PATHS = (
					"$(inherited)",
					"@executable_path/Frameworks",
				);
				PRODUCT_BUNDLE_IDENTIFIER = com.xzq.XZQCamera;
				PRODUCT_NAME = "$(TARGET_NAME)";
				TARGETED_DEVICE_FAMILY = "1,2";
			};
			name = Debug;
		};
		F0549E74257612DC00244E99 /* Release */ = {
			isa = XCBuildConfiguration;
			buildSettings = {
				ASSETCATALOG_COMPILER_APPICON_NAME = AppIcon;
				ASSETCATALOG_COMPILER_GLOBAL_ACCENT_COLOR_NAME = AccentColor;
				CODE_SIGN_STYLE = Automatic;
				DEVELOPMENT_TEAM = QX8283AUA8;
				INFOPLIST_FILE = "$(SRCROOT)/XZQCamera/Info.plist";
				IPHONEOS_DEPLOYMENT_TARGET = 10.0;
				LD_GENERATE_MAP_FILE = YES;
				LD_RUNPATH_SEARCH_PATHS = (
					"$(inherited)",
					"@executable_path/Frameworks",
				);
				PRODUCT_BUNDLE_IDENTIFIER = com.xzq.XZQCamera;
				PRODUCT_NAME = "$(TARGET_NAME)";
				TARGETED_DEVICE_FAMILY = "1,2";
			};
			name = Release;
		};
/* End XCBuildConfiguration section */

/* Begin XCConfigurationList section */
		F0549E54257612DA00244E99 /* Build configuration list for PBXProject "XZQCamera" */ = {
			isa = XCConfigurationList;
			buildConfigurations = (
				F0549E70257612DC00244E99 /* Debug */,
				F0549E71257612DC00244E99 /* Release */,
			);
			defaultConfigurationIsVisible = 0;
			defaultConfigurationName = Release;
		};
		F0549E72257612DC00244E99 /* Build configuration list for PBXNativeTarget "XZQCamera1" */ = {
			isa = XCConfigurationList;
			buildConfigurations = (
				F0549E73257612DC00244E99 /* Debug */,
				F0549E74257612DC00244E99 /* Release */,
			);
			defaultConfigurationIsVisible = 0;
			defaultConfigurationName = Release;
		};
/* End XCConfigurationList section */
	};
	rootObject = F0549E51257612DA00244E99 /* Project object */;
}
